// !$*UTF8*$!
{
	archiveVersion = 1;
	classes = {
	};
	objectVersion = 50;
	objects = {

/* Begin PBXBuildFile section */
		AECFA52624811845004FA77C /* AppDelegate.swift in Sources */ = {isa = PBXBuildFile; fileRef = AECFA52524811845004FA77C /* AppDelegate.swift */; };
		AECFA52824811845004FA77C /* ViewController.swift in Sources */ = {isa = PBXBuildFile; fileRef = AECFA52724811845004FA77C /* ViewController.swift */; };
		AECFA52A24811847004FA77C /* Assets.xcassets in Resources */ = {isa = PBXBuildFile; fileRef = AECFA52924811847004FA77C /* Assets.xcassets */; };
		AECFA52D24811847004FA77C /* Main.storyboard in Resources */ = {isa = PBXBuildFile; fileRef = AECFA52B24811847004FA77C /* Main.storyboard */; };
		AEF618052481484A00D91994 /* InputSourceDetector.h in Headers */ = {isa = PBXBuildFile; fileRef = AEF618032481484A00D91994 /* InputSourceDetector.h */; settings = {ATTRIBUTES = (Public, ); }; };
		AEF618082481484A00D91994 /* InputSourceDetector.framework in Frameworks */ = {isa = PBXBuildFile; fileRef = AEF618012481484A00D91994 /* InputSourceDetector.framework */; };
		AEF618092481484A00D91994 /* InputSourceDetector.framework in Embed Frameworks */ = {isa = PBXBuildFile; fileRef = AEF618012481484A00D91994 /* InputSourceDetector.framework */; settings = {ATTRIBUTES = (CodeSignOnCopy, RemoveHeadersOnCopy, ); }; };
		AEF6180E2481485600D91994 /* InputSourceDetector.swift in Sources */ = {isa = PBXBuildFile; fileRef = AECFA53524811883004FA77C /* InputSourceDetector.swift */; };
/* End PBXBuildFile section */

/* Begin PBXContainerItemProxy section */
		AEF618062481484A00D91994 /* PBXContainerItemProxy */ = {
			isa = PBXContainerItemProxy;
			containerPortal = AECFA51A24811845004FA77C /* Project object */;
			proxyType = 1;
			remoteGlobalIDString = AEF618002481484A00D91994;
			remoteInfo = InputSourceDetector;
		};
/* End PBXContainerItemProxy section */

/* Begin PBXCopyFilesBuildPhase section */
		AEF6180A2481484A00D91994 /* Embed Frameworks */ = {
			isa = PBXCopyFilesBuildPhase;
			buildActionMask = 2147483647;
			dstPath = "";
			dstSubfolderSpec = 10;
			files = (
				AEF618092481484A00D91994 /* InputSourceDetector.framework in Embed Frameworks */,
			);
			name = "Embed Frameworks";
			runOnlyForDeploymentPostprocessing = 0;
		};
/* End PBXCopyFilesBuildPhase section */

/* Begin PBXFileReference section */
		AECFA52224811845004FA77C /* IS.app */ = {isa = PBXFileReference; explicitFileType = wrapper.application; includeInIndex = 0; path = IS.app; sourceTree = BUILT_PRODUCTS_DIR; };
		AECFA52524811845004FA77C /* AppDelegate.swift */ = {isa = PBXFileReference; lastKnownFileType = sourcecode.swift; path = AppDelegate.swift; sourceTree = "<group>"; };
		AECFA52724811845004FA77C /* ViewController.swift */ = {isa = PBXFileReference; lastKnownFileType = sourcecode.swift; path = ViewController.swift; sourceTree = "<group>"; };
		AECFA52924811847004FA77C /* Assets.xcassets */ = {isa = PBXFileReference; lastKnownFileType = folder.assetcatalog; path = Assets.xcassets; sourceTree = "<group>"; };
		AECFA52C24811847004FA77C /* Base */ = {isa = PBXFileReference; lastKnownFileType = file.storyboard; name = Base; path = Base.lproj/Main.storyboard; sourceTree = "<group>"; };
		AECFA52E24811847004FA77C /* Info.plist */ = {isa = PBXFileReference; lastKnownFileType = text.plist.xml; path = Info.plist; sourceTree = "<group>"; };
		AECFA52F24811847004FA77C /* IS.entitlements */ = {isa = PBXFileReference; lastKnownFileType = text.plist.entitlements; path = IS.entitlements; sourceTree = "<group>"; };
		AECFA53524811883004FA77C /* InputSourceDetector.swift */ = {isa = PBXFileReference; lastKnownFileType = sourcecode.swift; path = InputSourceDetector.swift; sourceTree = "<group>"; };
		AEF618012481484A00D91994 /* InputSourceDetector.framework */ = {isa = PBXFileReference; explicitFileType = wrapper.framework; includeInIndex = 0; path = InputSourceDetector.framework; sourceTree = BUILT_PRODUCTS_DIR; };
		AEF618032481484A00D91994 /* InputSourceDetector.h */ = {isa = PBXFileReference; lastKnownFileType = sourcecode.c.h; path = InputSourceDetector.h; sourceTree = "<group>"; };
		AEF618042481484A00D91994 /* Info.plist */ = {isa = PBXFileReference; lastKnownFileType = text.plist.xml; path = Info.plist; sourceTree = "<group>"; };
/* End PBXFileReference section */

/* Begin PBXFrameworksBuildPhase section */
		AECFA51F24811845004FA77C /* Frameworks */ = {
			isa = PBXFrameworksBuildPhase;
			buildActionMask = 2147483647;
			files = (
				AEF618082481484A00D91994 /* InputSourceDetector.framework in Frameworks */,
			);
			runOnlyForDeploymentPostprocessing = 0;
		};
		AEF617FE2481484A00D91994 /* Frameworks */ = {
			isa = PBXFrameworksBuildPhase;
			buildActionMask = 2147483647;
			files = (
			);
			runOnlyForDeploymentPostprocessing = 0;
		};
/* End PBXFrameworksBuildPhase section */

/* Begin PBXGroup section */
		AECFA51924811845004FA77C = {
			isa = PBXGroup;
			children = (
				AECFA52424811845004FA77C /* IS */,
				AEF618022481484A00D91994 /* InputSourceDetector */,
				AECFA52324811845004FA77C /* Products */,
			);
			sourceTree = "<group>";
		};
		AECFA52324811845004FA77C /* Products */ = {
			isa = PBXGroup;
			children = (
				AECFA52224811845004FA77C /* IS.app */,
				AEF618012481484A00D91994 /* InputSourceDetector.framework */,
			);
			name = Products;
			sourceTree = "<group>";
		};
		AECFA52424811845004FA77C /* IS */ = {
			isa = PBXGroup;
			children = (
				AECFA52524811845004FA77C /* AppDelegate.swift */,
				AECFA52724811845004FA77C /* ViewController.swift */,
				AECFA52924811847004FA77C /* Assets.xcassets */,
				AECFA52B24811847004FA77C /* Main.storyboard */,
				AECFA52E24811847004FA77C /* Info.plist */,
				AECFA52F24811847004FA77C /* IS.entitlements */,
			);
			path = IS;
			sourceTree = "<group>";
		};
		AEF618022481484A00D91994 /* InputSourceDetector */ = {
			isa = PBXGroup;
			children = (
				AECFA53524811883004FA77C /* InputSourceDetector.swift */,
				AEF618032481484A00D91994 /* InputSourceDetector.h */,
				AEF618042481484A00D91994 /* Info.plist */,
			);
			path = InputSourceDetector;
			sourceTree = "<group>";
		};
/* End PBXGroup section */

/* Begin PBXHeadersBuildPhase section */
		AEF617FC2481484A00D91994 /* Headers */ = {
			isa = PBXHeadersBuildPhase;
			buildActionMask = 2147483647;
			files = (
				AEF618052481484A00D91994 /* InputSourceDetector.h in Headers */,
			);
			runOnlyForDeploymentPostprocessing = 0;
		};
/* End PBXHeadersBuildPhase section */

/* Begin PBXNativeTarget section */
		AECFA52124811845004FA77C /* IS */ = {
			isa = PBXNativeTarget;
			buildConfigurationList = AECFA53224811847004FA77C /* Build configuration list for PBXNativeTarget "IS" */;
			buildPhases = (
				AECFA51E24811845004FA77C /* Sources */,
				AECFA51F24811845004FA77C /* Frameworks */,
				AECFA52024811845004FA77C /* Resources */,
				AEF6180A2481484A00D91994 /* Embed Frameworks */,
			);
			buildRules = (
			);
			dependencies = (
				AEF618072481484A00D91994 /* PBXTargetDependency */,
			);
			name = IS;
			productName = IS;
			productReference = AECFA52224811845004FA77C /* IS.app */;
			productType = "com.apple.product-type.application";
		};
		AEF618002481484A00D91994 /* InputSourceDetector */ = {
			isa = PBXNativeTarget;
			buildConfigurationList = AEF6180D2481484A00D91994 /* Build configuration list for PBXNativeTarget "InputSourceDetector" */;
			buildPhases = (
				AEF617FC2481484A00D91994 /* Headers */,
				AEF617FD2481484A00D91994 /* Sources */,
				AEF617FE2481484A00D91994 /* Frameworks */,
				AEF617FF2481484A00D91994 /* Resources */,
			);
			buildRules = (
			);
			dependencies = (
			);
			name = InputSourceDetector;
			productName = InputSourceDetector;
			productReference = AEF618012481484A00D91994 /* InputSourceDetector.framework */;
			productType = "com.apple.product-type.framework";
		};
/* End PBXNativeTarget section */

/* Begin PBXProject section */
		AECFA51A24811845004FA77C /* Project object */ = {
			isa = PBXProject;
			attributes = {
				LastSwiftUpdateCheck = 1150;
				LastUpgradeCheck = 1150;
				ORGANIZATIONNAME = Jaeyoung;
				TargetAttributes = {
					AECFA52124811845004FA77C = {
						CreatedOnToolsVersion = 11.5;
					};
					AEF618002481484A00D91994 = {
						CreatedOnToolsVersion = 11.5;
					};
				};
			};
			buildConfigurationList = AECFA51D24811845004FA77C /* Build configuration list for PBXProject "IS" */;
			compatibilityVersion = "Xcode 9.3";
			developmentRegion = en;
			hasScannedForEncodings = 0;
			knownRegions = (
				en,
				Base,
			);
			mainGroup = AECFA51924811845004FA77C;
			productRefGroup = AECFA52324811845004FA77C /* Products */;
			projectDirPath = "";
			projectRoot = "";
			targets = (
				AECFA52124811845004FA77C /* IS */,
				AEF618002481484A00D91994 /* InputSourceDetector */,
			);
		};
/* End PBXProject section */

/* Begin PBXResourcesBuildPhase section */
		AECFA52024811845004FA77C /* Resources */ = {
			isa = PBXResourcesBuildPhase;
			buildActionMask = 2147483647;
			files = (
				AECFA52A24811847004FA77C /* Assets.xcassets in Resources */,
				AECFA52D24811847004FA77C /* Main.storyboard in Resources */,
			);
			runOnlyForDeploymentPostprocessing = 0;
		};
		AEF617FF2481484A00D91994 /* Resources */ = {
			isa = PBXResourcesBuildPhase;
			buildActionMask = 2147483647;
			files = (
			);
			runOnlyForDeploymentPostprocessing = 0;
		};
/* End PBXResourcesBuildPhase section */

/* Begin PBXSourcesBuildPhase section */
		AECFA51E24811845004FA77C /* Sources */ = {
			isa = PBXSourcesBuildPhase;
			buildActionMask = 2147483647;
			files = (
				AECFA52824811845004FA77C /* ViewController.swift in Sources */,
				AECFA52624811845004FA77C /* AppDelegate.swift in Sources */,
			);
			runOnlyForDeploymentPostprocessing = 0;
		};
		AEF617FD2481484A00D91994 /* Sources */ = {
			isa = PBXSourcesBuildPhase;
			buildActionMask = 2147483647;
			files = (
				AEF6180E2481485600D91994 /* InputSourceDetector.swift in Sources */,
			);
			runOnlyForDeploymentPostprocessing = 0;
		};
/* End PBXSourcesBuildPhase section */

/* Begin PBXTargetDependency section */
		AEF618072481484A00D91994 /* PBXTargetDependency */ = {
			isa = PBXTargetDependency;
			target = AEF618002481484A00D91994 /* InputSourceDetector */;
			targetProxy = AEF618062481484A00D91994 /* PBXContainerItemProxy */;
		};
/* End PBXTargetDependency section */

/* Begin PBXVariantGroup section */
		AECFA52B24811847004FA77C /* Main.storyboard */ = {
			isa = PBXVariantGroup;
			children = (
				AECFA52C24811847004FA77C /* Base */,
			);
			name = Main.storyboard;
			sourceTree = "<group>";
		};
/* End PBXVariantGroup section */

/* Begin XCBuildConfiguration section */
		AECFA53024811847004FA77C /* Debug */ = {
			isa = XCBuildConfiguration;
			buildSettings = {
				ALWAYS_SEARCH_USER_PATHS = NO;
				CLANG_ANALYZER_NONNULL = YES;
				CLANG_ANALYZER_NUMBER_OBJECT_CONVERSION = YES_AGGRESSIVE;
				CLANG_CXX_LANGUAGE_STANDARD = "gnu++14";
				CLANG_CXX_LIBRARY = "libc++";
				CLANG_ENABLE_MODULES = YES;
				CLANG_ENABLE_OBJC_ARC = YES;
				CLANG_ENABLE_OBJC_WEAK = YES;
				CLANG_WARN_BLOCK_CAPTURE_AUTORELEASING = YES;
				CLANG_WARN_BOOL_CONVERSION = YES;
				CLANG_WARN_COMMA = YES;
				CLANG_WARN_CONSTANT_CONVERSION = YES;
				CLANG_WARN_DEPRECATED_OBJC_IMPLEMENTATIONS = YES;
				CLANG_WARN_DIRECT_OBJC_ISA_USAGE = YES_ERROR;
				CLANG_WARN_DOCUMENTATION_COMMENTS = YES;
				CLANG_WARN_EMPTY_BODY = YES;
				CLANG_WARN_ENUM_CONVERSION = YES;
				CLANG_WARN_INFINITE_RECURSION = YES;
				CLANG_WARN_INT_CONVERSION = YES;
				CLANG_WARN_NON_LITERAL_NULL_CONVERSION = YES;
				CLANG_WARN_OBJC_IMPLICIT_RETAIN_SELF = YES;
				CLANG_WARN_OBJC_LITERAL_CONVERSION = YES;
				CLANG_WARN_OBJC_ROOT_CLASS = YES_ERROR;
				CLANG_WARN_RANGE_LOOP_ANALYSIS = YES;
				CLANG_WARN_STRICT_PROTOTYPES = YES;
				CLANG_WARN_SUSPICIOUS_MOVE = YES;
				CLANG_WARN_UNGUARDED_AVAILABILITY = YES_AGGRESSIVE;
				CLANG_WARN_UNREACHABLE_CODE = YES;
				CLANG_WARN__DUPLICATE_METHOD_MATCH = YES;
				COPY_PHASE_STRIP = NO;
				DEBUG_INFORMATION_FORMAT = dwarf;
				ENABLE_STRICT_OBJC_MSGSEND = YES;
				ENABLE_TESTABILITY = YES;
				GCC_C_LANGUAGE_STANDARD = gnu11;
				GCC_DYNAMIC_NO_PIC = NO;
				GCC_NO_COMMON_BLOCKS = YES;
				GCC_OPTIMIZATION_LEVEL = 0;
				GCC_PREPROCESSOR_DEFINITIONS = (
					"DEBUG=1",
					"$(inherited)",
				);
				GCC_WARN_64_TO_32_BIT_CONVERSION = YES;
				GCC_WARN_ABOUT_RETURN_TYPE = YES_ERROR;
				GCC_WARN_UNDECLARED_SELECTOR = YES;
				GCC_WARN_UNINITIALIZED_AUTOS = YES_AGGRESSIVE;
				GCC_WARN_UNUSED_FUNCTION = YES;
				GCC_WARN_UNUSED_VARIABLE = YES;
				MACOSX_DEPLOYMENT_TARGET = 10.15;
				MTL_ENABLE_DEBUG_INFO = INCLUDE_SOURCE;
				MTL_FAST_MATH = YES;
				ONLY_ACTIVE_ARCH = YES;
				SDKROOT = macosx;
				SWIFT_ACTIVE_COMPILATION_CONDITIONS = DEBUG;
				SWIFT_OPTIMIZATION_LEVEL = "-Onone";
			};
			name = Debug;
		};
		AECFA53124811847004FA77C /* Release */ = {
			isa = XCBuildConfiguration;
			buildSettings = {
				ALWAYS_SEARCH_USER_PATHS = NO;
				CLANG_ANALYZER_NONNULL = YES;
				CLANG_ANALYZER_NUMBER_OBJECT_CONVERSION = YES_AGGRESSIVE;
				CLANG_CXX_LANGUAGE_STANDARD = "gnu++14";
				CLANG_CXX_LIBRARY = "libc++";
				CLANG_ENABLE_MODULES = YES;
				CLANG_ENABLE_OBJC_ARC = YES;
				CLANG_ENABLE_OBJC_WEAK = YES;
				CLANG_WARN_BLOCK_CAPTURE_AUTORELEASING = YES;
				CLANG_WARN_BOOL_CONVERSION = YES;
				CLANG_WARN_COMMA = YES;
				CLANG_WARN_CONSTANT_CONVERSION = YES;
				CLANG_WARN_DEPRECATED_OBJC_IMPLEMENTATIONS = YES;
				CLANG_WARN_DIRECT_OBJC_ISA_USAGE = YES_ERROR;
				CLANG_WARN_DOCUMENTATION_COMMENTS = YES;
				CLANG_WARN_EMPTY_BODY = YES;
				CLANG_WARN_ENUM_CONVERSION = YES;
				CLANG_WARN_INFINITE_RECURSION = YES;
				CLANG_WARN_INT_CONVERSION = YES;
				CLANG_WARN_NON_LITERAL_NULL_CONVERSION = YES;
				CLANG_WARN_OBJC_IMPLICIT_RETAIN_SELF = YES;
				CLANG_WARN_OBJC_LITERAL_CONVERSION = YES;
				CLANG_WARN_OBJC_ROOT_CLASS = YES_ERROR;
				CLANG_WARN_RANGE_LOOP_ANALYSIS = YES;
				CLANG_WARN_STRICT_PROTOTYPES = YES;
				CLANG_WARN_SUSPICIOUS_MOVE = YES;
				CLANG_WARN_UNGUARDED_AVAILABILITY = YES_AGGRESSIVE;
				CLANG_WARN_UNREACHABLE_CODE = YES;
				CLANG_WARN__DUPLICATE_METHOD_MATCH = YES;
				COPY_PHASE_STRIP = NO;
				DEBUG_INFORMATION_FORMAT = "dwarf-with-dsym";
				ENABLE_NS_ASSERTIONS = NO;
				ENABLE_STRICT_OBJC_MSGSEND = YES;
				GCC_C_LANGUAGE_STANDARD = gnu11;
				GCC_NO_COMMON_BLOCKS = YES;
				GCC_WARN_64_TO_32_BIT_CONVERSION = YES;
				GCC_WARN_ABOUT_RETURN_TYPE = YES_ERROR;
				GCC_WARN_UNDECLARED_SELECTOR = YES;
				GCC_WARN_UNINITIALIZED_AUTOS = YES_AGGRESSIVE;
				GCC_WARN_UNUSED_FUNCTION = YES;
				GCC_WARN_UNUSED_VARIABLE = YES;
				MACOSX_DEPLOYMENT_TARGET = 10.15;
				MTL_ENABLE_DEBUG_INFO = NO;
				MTL_FAST_MATH = YES;
				SDKROOT = macosx;
				SWIFT_COMPILATION_MODE = wholemodule;
				SWIFT_OPTIMIZATION_LEVEL = "-O";
			};
			name = Release;
		};
		AECFA53324811847004FA77C /* Debug */ = {
			isa = XCBuildConfiguration;
			buildSettings = {
				ALWAYS_EMBED_SWIFT_STANDARD_LIBRARIES = YES;
				ASSETCATALOG_COMPILER_APPICON_NAME = AppIcon;
				CODE_SIGN_ENTITLEMENTS = IS/IS.entitlements;
				CODE_SIGN_STYLE = Automatic;
				COMBINE_HIDPI_IMAGES = YES;
				INFOPLIST_FILE = IS/Info.plist;
				LD_RUNPATH_SEARCH_PATHS = (
					"$(inherited)",
					"@executable_path/../Frameworks",
				);
				PRODUCT_BUNDLE_IDENTIFIER = com.jaeyoung.IS;
				PRODUCT_NAME = "$(TARGET_NAME)";
				SWIFT_VERSION = 5.0;
			};
			name = Debug;
		};
		AECFA53424811847004FA77C /* Release */ = {
			isa = XCBuildConfiguration;
			buildSettings = {
				ALWAYS_EMBED_SWIFT_STANDARD_LIBRARIES = YES;
				ASSETCATALOG_COMPILER_APPICON_NAME = AppIcon;
				CODE_SIGN_ENTITLEMENTS = IS/IS.entitlements;
				CODE_SIGN_STYLE = Automatic;
				COMBINE_HIDPI_IMAGES = YES;
				INFOPLIST_FILE = IS/Info.plist;
				LD_RUNPATH_SEARCH_PATHS = (
					"$(inherited)",
					"@executable_path/../Frameworks",
				);
				PRODUCT_BUNDLE_IDENTIFIER = com.jaeyoung.IS;
				PRODUCT_NAME = "$(TARGET_NAME)";
				SWIFT_VERSION = 5.0;
			};
			name = Release;
		};
		AEF6180B2481484A00D91994 /* Debug */ = {
			isa = XCBuildConfiguration;
			buildSettings = {
				CODE_SIGN_STYLE = Automatic;
				COMBINE_HIDPI_IMAGES = YES;
				CURRENT_PROJECT_VERSION = 1;
				DEFINES_MODULE = YES;
				DYLIB_COMPATIBILITY_VERSION = 1;
				DYLIB_CURRENT_VERSION = 1;
				DYLIB_INSTALL_NAME_BASE = "@rpath";
				INFOPLIST_FILE = InputSourceDetector/Info.plist;
				INSTALL_PATH = "$(LOCAL_LIBRARY_DIR)/Frameworks";
				LD_RUNPATH_SEARCH_PATHS = (
					"$(inherited)",
					"@executable_path/../Frameworks",
					"@loader_path/Frameworks",
				);
				PRODUCT_BUNDLE_IDENTIFIER = com.jaeyoung.InputSourceDetector;
				PRODUCT_NAME = "$(TARGET_NAME:c99extidentifier)";
				SKIP_INSTALL = YES;
				SWIFT_VERSION = 5.0;
				VERSIONING_SYSTEM = "apple-generic";
				VERSION_INFO_PREFIX = "";
			};
			name = Debug;
		};
		AEF6180C2481484A00D91994 /* Release */ = {
			isa = XCBuildConfiguration;
			buildSettings = {
				CODE_SIGN_STYLE = Automatic;
				COMBINE_HIDPI_IMAGES = YES;
				CURRENT_PROJECT_VERSION = 1;
				DEFINES_MODULE = YES;
				DYLIB_COMPATIBILITY_VERSION = 1;
				DYLIB_CURRENT_VERSION = 1;
				DYLIB_INSTALL_NAME_BASE = "@rpath";
				INFOPLIST_FILE = InputSourceDetector/Info.plist;
				INSTALL_PATH = "$(LOCAL_LIBRARY_DIR)/Frameworks";
				LD_RUNPATH_SEARCH_PATHS = (
					"$(inherited)",
					"@executable_path/../Frameworks",
					"@loader_path/Frameworks",
				);
				PRODUCT_BUNDLE_IDENTIFIER = com.jaeyoung.InputSourceDetector;
				PRODUCT_NAME = "$(TARGET_NAME:c99extidentifier)";
				SKIP_INSTALL = YES;
				SWIFT_VERSION = 5.0;
				VERSIONING_SYSTEM = "apple-generic";
				VERSION_INFO_PREFIX = "";
			};
			name = Release;
		};
/* End XCBuildConfiguration section */

/* Begin XCConfigurationList section */
		AECFA51D24811845004FA77C /* Build configuration list for PBXProject "IS" */ = {
			isa = XCConfigurationList;
			buildConfigurations = (
				AECFA53024811847004FA77C /* Debug */,
				AECFA53124811847004FA77C /* Release */,
			);
			defaultConfigurationIsVisible = 0;
			defaultConfigurationName = Release;
		};
		AECFA53224811847004FA77C /* Build configuration list for PBXNativeTarget "IS" */ = {
			isa = XCConfigurationList;
			buildConfigurations = (
				AECFA53324811847004FA77C /* Debug */,
				AECFA53424811847004FA77C /* Release */,
			);
			defaultConfigurationIsVisible = 0;
			defaultConfigurationName = Release;
		};
		AEF6180D2481484A00D91994 /* Build configuration list for PBXNativeTarget "InputSourceDetector" */ = {
			isa = XCConfigurationList;
			buildConfigurations = (
				AEF6180B2481484A00D91994 /* Debug */,
				AEF6180C2481484A00D91994 /* Release */,
			);
			defaultConfigurationIsVisible = 0;
			defaultConfigurationName = Release;
		};
/* End XCConfigurationList section */
	};
	rootObject = AECFA51A24811845004FA77C /* Project object */;
}
